{
  "name": "cdk_in_lambda",
  "version": "0.1.0",
  "lockfileVersion": 1,
  "requires": true,
  "dependencies": {
    "@aws-cdk/aws-events": {
      "version": "1.18.0",
      "resolved": "https://registry.npmjs.org/@aws-cdk/aws-events/-/aws-events-1.18.0.tgz",
      "integrity": "sha512-SPuOM3SoJH7TAwMvbWz+paEOSPtGqXnbdt0bKfY/ZPEHvmW2hmGdUS7kIPZauMc/TzOyi/YIxWX8a4FY1htCdQ==",
      "requires": {
        "@aws-cdk/aws-iam": "1.18.0",
        "@aws-cdk/core": "1.18.0"
      }
    },
    "@aws-cdk/aws-iam": {
      "version": "1.18.0",
      "resolved": "https://registry.npmjs.org/@aws-cdk/aws-iam/-/aws-iam-1.18.0.tgz",
      "integrity": "sha512-rl+1Oo1S5jZhAAxD1bR9ddBxIajyZ3LDpmGxiU1Y/4ZiwRlv/CKODOfhbNZUC4qHCeDFHUVUOjIYo2PRHRNmCA==",
      "requires": {
        "@aws-cdk/core": "1.18.0",
        "@aws-cdk/region-info": "1.18.0"
      }
    },
    "@aws-cdk/aws-kms": {
      "version": "1.18.0",
      "resolved": "https://registry.npmjs.org/@aws-cdk/aws-kms/-/aws-kms-1.18.0.tgz",
      "integrity": "sha512-EMt3RgmUWOMPgifwL6fIV1AotHDTEszEFcM/600etPa3QEOT74szXJGPNu55mhM2wzu5Gb/j3SNl209ys2+Zww==",
      "requires": {
        "@aws-cdk/aws-iam": "1.18.0",
        "@aws-cdk/core": "1.18.0"
      }
    },
    "@aws-cdk/aws-s3": {
      "version": "1.18.0",
      "resolved": "https://registry.npmjs.org/@aws-cdk/aws-s3/-/aws-s3-1.18.0.tgz",
      "integrity": "sha512-i50+7AEC8bMrxhB/0/eCg+JgiQTsvTEkZK1PPP1dncYQPi73uq9vk5RRVicdOtX6jvFz2aKUxWiVc3PdVuXRyQ==",
      "requires": {
        "@aws-cdk/aws-events": "1.18.0",
        "@aws-cdk/aws-iam": "1.18.0",
        "@aws-cdk/aws-kms": "1.18.0",
        "@aws-cdk/core": "1.18.0"
      }
    },
    "@aws-cdk/core": {
      "version": "1.18.0",
      "resolved": "https://registry.npmjs.org/@aws-cdk/core/-/core-1.18.0.tgz",
      "integrity": "sha512-9/VCu0X/McR/VPpEnFLKQ08Nc6xsjwJEA5LA3yIh6RSnFpIcQhu4IhDcoRG6OXjiOIDXk1rFf1Tu8pHevame6g==",
      "requires": {
        "@aws-cdk/cx-api": "1.18.0"
      }
    },
    "@aws-cdk/cx-api": {
      "version": "1.18.0",
      "resolved": "https://registry.npmjs.org/@aws-cdk/cx-api/-/cx-api-1.18.0.tgz",
      "integrity": "sha512-2v7eeErBOtjhGjvxSutWP1pddb1lXOf91uGXym2DGq+t3YobM3rDWZW3bkBRtVCx8ZJ/6V+3qCJ10dMzto2xNQ==",
      "requires": {
        "semver": "^6.3.0"
      },
      "dependencies": {
        "semver": {
          "version": "6.3.0",
          "bundled": true
        }
      }
    },
    "@aws-cdk/region-info": {
      "version": "1.18.0",
      "resolved": "https://registry.npmjs.org/@aws-cdk/region-info/-/region-info-1.18.0.tgz",
      "integrity": "sha512-6nWNf/IXgByFWf0iaV71Q6ocSaYzuAqvyqFIPfzXSAsSeKtoljC1ih9tzhZbbLrf8fHrM4DW3DPYxYUJrRf/DA=="
    },
    "aws-cdk": {
      "version": "1.174.0",
      "resolved": "https://registry.npmjs.org/aws-cdk/-/aws-cdk-1.174.0.tgz",
      "integrity": "sha512-cAnJ1vx8p0sFoHR5IP4YKd4l3lN7s9Y7+umwb4eNgWr+XSgUbuYiJgS/FD57hIbHN1uoBih3QAE0RA62LVJSFw==",
      "dev": true,
      "requires": {
        "fsevents": "2.3.2"
      }
    },
    "buffer-from": {
      "version": "1.1.1",
      "resolved": "https://registry.npmjs.org/buffer-from/-/buffer-from-1.1.1.tgz",
      "integrity": "sha512-MQcXEUbCKtEo7bhqEs6560Hyd4XaovZlO/k9V3hjVUF/zwW7KBVdSK4gIt/bzwS9MbR5qob+F5jusZsb0YQK2A=="
    },
    "fsevents": {
      "version": "2.3.2",
      "resolved": "https://registry.npmjs.org/fsevents/-/fsevents-2.3.2.tgz",
      "integrity": "sha512-xiqMQR4xAeHTuB9uWm+fFRcIOgKBMiOBP+eXiyT7jsgVCq1bkVygt00oASowB7EdtpOHaaPgKt812P9ab+DDKA==",
      "dev": true,
      "optional": true
    },
    "source-map": {
      "version": "0.6.1",
      "resolved": "https://registry.npmjs.org/source-map/-/source-map-0.6.1.tgz",
      "integrity": "sha512-UjgapumWlbMhkBgzT7Ykc5YXUT46F0iKu8SGXq0bcwP5dz/h0Plj6enJqjz1Zbq2l5WaqYnrVbwWOWMyF3F47g=="
    },
    "source-map-support": {
      "version": "0.5.16",
      "resolved": "https://registry.npmjs.org/source-map-support/-/source-map-support-0.5.16.tgz",
      "integrity": "sha512-efyLRJDr68D9hBBNIPWFjhpFzURh+KJykQwvMyW5UiZzYwoF6l4YMMDIJJEyFWxWCqfyxLzz6tSfUFR+kXXsVQ==",
      "requires": {
        "buffer-from": "^1.0.0",
        "source-map": "^0.6.0"
      }
    }
  }
}
